
Microsoft Visual Studio Solution File, Format Version 12.00
# Visual Studio Version 17
VisualStudioVersion = 17.7.34003.232
MinimumVisualStudioVersion = 10.0.40219.1
Project("{FAE04EC0-301F-11D3-BF4B-00C04F79EFBC}") = "LibraryCRUD", "LibraryCRUD\LibraryCRUD.csproj", "{185ACD5E-2751-4055-8F33-617DA75EFF9F}"
EndProject
Global
	GlobalSection(SolutionConfigurationPlatforms) = preSolution
		Debug|Any CPU = Debug|Any CPU
		Release|Any CPU = Release|Any CPU
	EndGlobalSection
	GlobalSection(ProjectConfigurationPlatforms) = postSolution
		{185ACD5E-2751-4055-8F33-617DA75EFF9F}.Debug|Any CPU.ActiveCfg = Debug|Any CPU
		{185ACD5E-2751-4055-8F33-617DA75EFF9F}.Debug|Any CPU.Build.0 = Debug|Any CPU
		{185ACD5E-2751-4055-8F33-617DA75EFF9F}.Release|Any CPU.ActiveCfg = Release|Any CPU
		{185ACD5E-2751-4055-8F33-617DA75EFF9F}.Release|Any CPU.Build.0 = Release|Any CPU
	EndGlobalSection
	GlobalSection(SolutionProperties) = preSolution
		HideSolutionNode = FALSE
	EndGlobalSection
	GlobalSection(ExtensibilityGlobals) = postSolution
		SolutionGuid = {27077EA3-8863-4FD2-868A-933B8A9239CB}
	EndGlobalSection
EndGlobal
